
Microsoft Visual Studio Solution File, Format Version 12.00
# Visual Studio Version 17
VisualStudioVersion = 17.7.34221.43
MinimumVisualStudioVersion = 10.0.40219.1
Project("{9A19103F-16F7-4668-BE54-9A1E7A4F7556}") = "FigureLib", "..\SquareLib\SquareLib\FigureLib.csproj", "{7A3BFEF0-A658-4E2A-9C7B-C0BCA4C1311E}"
EndProject
Global
	GlobalSection(SolutionConfigurationPlatforms) = preSolution
		Debug|Any CPU = Debug|Any CPU
		Release|Any CPU = Release|Any CPU
	EndGlobalSection
	GlobalSection(ProjectConfigurationPlatforms) = postSolution
		{7A3BFEF0-A658-4E2A-9C7B-C0BCA4C1311E}.Debug|Any CPU.ActiveCfg = Debug|Any CPU
		{7A3BFEF0-A658-4E2A-9C7B-C0BCA4C1311E}.Debug|Any CPU.Build.0 = Debug|Any CPU
		{7A3BFEF0-A658-4E2A-9C7B-C0BCA4C1311E}.Release|Any CPU.ActiveCfg = Release|Any CPU
		{7A3BFEF0-A658-4E2A-9C7B-C0BCA4C1311E}.Release|Any CPU.Build.0 = Release|Any CPU
	EndGlobalSection
	GlobalSection(SolutionProperties) = preSolution
		HideSolutionNode = FALSE
	EndGlobalSection
	GlobalSection(ExtensibilityGlobals) = postSolution
		SolutionGuid = {560162D6-762E-47C4-B010-A2D65EAE9F3D}
	EndGlobalSection
EndGlobal
